lockfileVersion: '9.0'

settings:
  autoInstallPeers: true
  excludeLinksFromLockfile: false

importers:

  .:
    dependencies:
      '@capacitor/barcode-scanner':
        specifier: ^3.1.0
        version: 3.1.0(@capacitor/core@8.5.0)
      '@capacitor/camera':
        specifier: ^8.2.2
        version: 8.2.2(@capacitor/core@8.5.0)
      '@capacitor/core':
        specifier: ^8.5.0
        version: 8.5.0
      '@ionic/react':
        specifier: ^8.8.18
        version: 8.8.18(react-dom@19.2.8(react@19.2.8))(react@19.2.8)
      '@ionic/react-router':
        specifier: ^8.8.18
        version: 8.8.18(react-dom@19.2.8(react@19.2.8))(react-router-dom@5.3.4(react@19.2.8))(react-router@5.3.4(react@19.2.8))(react@19.2.8)
      '@types/crypto-js':
        specifier: ^4.2.2
        version: 4.2.2
      crypto-js:
        specifier: ^4.2.0
        version: 4.2.0
      ionicons:
        specifier: ^8.1.0
        version: 8.1.0
      otpauth:
        specifier: ^9.5.1
        version: 9.5.1

packages:

  '@babel/runtime@7.29.7':
    resolution: {integrity: sha512-Nq8OhGWiZIZGV6hLHoyAKLLcJihP/xFeBMGJoUrxTX2psI8dCifzLhZISFb+VWS3wFMRDmCGw5R+dOySCqPLhw==}
    engines: {node: '>=6.9.0'}

  '@capacitor/barcode-scanner@3.1.0':
    resolution: {integrity: sha512-uE4njvsQGVfhjChg5ZU8ayYX9i2LM9Dg9/TWXG/L1s+pRVR5JG6PxsC3dCuKa9F6OVCYrKcEmdSi3E6KT+fMbg==}
    peerDependencies:
      '@capacitor/core': '>=8.0.0'

  '@capacitor/camera@8.2.2':
    resolution: {integrity: sha512-WfaOsqrjPzvXGvrIBFqFtOZHBrc3hwGKssZje4ioJDNfTjIq2zrUNDXP+q6XmLyzifCYOu2YFC6k1+leb/BqSg==}
    peerDependencies:
      '@capacitor/core': '>=8.0.0'

  '@capacitor/core@8.5.0':
    resolution: {integrity: sha512-Ca4krtqH1hothjtBIwf2J2TW7IhYq1ujp8QeItTiJohNsqij8ja2DYYH3DU0l8RmxCWaBAFTGA2TgOgOMCSNsQ==}

  '@ionic/core@8.8.18':
    resolution: {integrity: sha512-QRFqi6gMSTk89FMjtoDx3p6e2dD7mYxqYzS0+Hl+yjxnoWoNFluWKM9rnGEEkdvpY7bF1pt6CI5IwMt+vjYQWg==}
    engines: {node: '>= 16'}

  '@ionic/react-router@8.8.18':
    resolution: {integrity: sha512-Io75A7wDKT4Jbk0hDK/6Nn+Q+gncPY9a5GoTkhnebXvvjNT9fOaCRaHIVfc53uSii+wr3d3OcNWxY531xLeBAA==}
    peerDependencies:
      react: '>=16.8.6'
      react-dom: '>=16.8.6'
      react-router: ^5.0.1
      react-router-dom: ^5.0.1

  '@ionic/react@8.8.18':
    resolution: {integrity: sha512-Hp7PuvuzqREzyWTDFYykgDLDE4RqE932+YX/gr0O3N/EfrPBAeuDeVZqPh2NLGQvliDcU1mwItGxWy/H0PK+Qg==}
    peerDependencies:
      react: '>=16.8.6'
      react-dom: '>=16.8.6'

  '@noble/hashes@2.2.0':
    resolution: {integrity: sha512-IYqDGiTXab6FniAgnSdZwgWbomxpy9FtYvLKs7wCUs2a8RkITG+DFGO1DM9cr+E3/RgADRpFjrKVaJ1z6sjtEg==}
    engines: {node: '>= 20.19.0'}

  '@rollup/rollup-darwin-arm64@4.44.0':
    resolution: {integrity: sha512-VGF3wy0Eq1gcEIkSCr8Ke03CWT+Pm2yveKLaDvq51pPpZza3JX/ClxXOCmTYYq3us5MvEuNRTaeyFThCKRQhOA==}
    cpu: [arm64]
    os: [darwin]

  '@rollup/rollup-darwin-x64@4.44.0':
    resolution: {integrity: sha512-fBkyrDhwquRvrTxSGH/qqt3/T0w5Rg0L7ZIDypvBPc1/gzjJle6acCpZ36blwuwcKD/u6oCE/sRWlUAcxLWQbQ==}
    cpu: [x64]
    os: [darwin]

  '@rollup/rollup-linux-arm64-gnu@4.44.0':
    resolution: {integrity: sha512-ZTR2mxBHb4tK4wGf9b8SYg0Y6KQPjGpR4UWwTFdnmjB4qRtoATZ5dWn3KsDwGa5Z2ZBOE7K52L36J9LueKBdOQ==}
    cpu: [arm64]
    os: [linux]
    libc: [glibc]

  '@rollup/rollup-linux-arm64-musl@4.44.0':
    resolution: {integrity: sha512-GFWfAhVhWGd4r6UxmnKRTBwP1qmModHtd5gkraeW2G490BpFOZkFtem8yuX2NyafIP/mGpRJgTJ2PwohQkUY/Q==}
    cpu: [arm64]
    os: [linux]
    libc: [musl]

  '@rollup/rollup-linux-x64-gnu@4.44.0':
    resolution: {integrity: sha512-iUVJc3c0o8l9Sa/qlDL2Z9UP92UZZW1+EmQ4xfjTc1akr0iUFZNfxrXJ/R1T90h/ILm9iXEY6+iPrmYB3pXKjw==}
    cpu: [x64]
    os: [linux]
    libc: [glibc]

  '@rollup/rollup-linux-x64-musl@4.44.0':
    resolution: {integrity: sha512-PQUobbhLTQT5yz/SPg116VJBgz+XOtXt8D1ck+sfJJhuEsMj2jSej5yTdp8CvWBSceu+WW+ibVL6dm0ptG5fcA==}
    cpu: [x64]
    os: [linux]
    libc: [musl]

  '@rollup/rollup-win32-arm64-msvc@4.44.0':
    resolution: {integrity: sha512-M0CpcHf8TWn+4oTxJfh7LQuTuaYeXGbk0eageVjQCKzYLsajWS/lFC94qlRqOlyC2KvRT90ZrfXULYmukeIy7w==}
    cpu: [arm64]
    os: [win32]

  '@rollup/rollup-win32-x64-msvc@4.44.0':
    resolution: {integrity: sha512-Q2Mgwt+D8hd5FIPUuPDsvPR7Bguza6yTkJxspDGkZj7tBRn2y4KSWYuIXpftFSjBra76TbKerCV7rgFPQrn+wQ==}
    cpu: [x64]
    os: [win32]

  '@stencil/core@4.43.5':
    resolution: {integrity: sha512-cgWD+GeuvJpTe1WQn40p02+BJ2j0j1YJ17GdkF2qKIQ23s2e3Zivq5yISXS3dcuV6oUJFN93jprdk+nk/sq99Q==}
    engines: {node: '>=16.0.0', npm: '>=7.10.0'}
    hasBin: true

  '@stencil/core@4.44.0':
    resolution: {integrity: sha512-A3kArg+80t9zJdul7FLUcxcjqvYrF76nDavfm2L8R7hGKWPbTTGM/tkOSf7MJqMd1ED0ztYoa9X90UlEXY3nLA==}
    engines: {node: '>=16.0.0', npm: '>=7.10.0'}
    hasBin: true

  '@types/crypto-js@4.2.2':
    resolution: {integrity: sha512-sDOLlVbHhXpAUAL0YHDUUwDZf3iN4Bwi4W6a0W0b+QcAezUbRtH4FVb+9J4h+XFPW7l/gQ9F8qC7P+Ec4k8QVQ==}

  crypto-js@4.2.0:
    resolution: {integrity: sha512-KALDyEYgpY+Rlob/iriUtjV6d5Eq+Y191A5g4UqLAi8CyGP9N1+FdVbkc1SxKc2r4YAYqG8JzO2KGL+AizD70Q==}
    deprecated: Active development of CryptoJS has been discontinued. This library is no longer maintained.

  history@4.10.1:
    resolution: {integrity: sha512-36nwAD620w12kuzPAsyINPWJqlNbij+hpK1k9XRloDtym8mxzGYl2c17LnV6IAGB2Dmg4tEa7G7DlawS0+qjew==}

  hoist-non-react-statics@3.3.2:
    resolution: {integrity: sha512-/gGivxi8JPKWNm/W0jSmzcMPpfpPLc3dY/6GxhX2hQ9iGj3aDfklV4ET7NjKpSinLpJ5vafa9iiGIEZg10SfBw==}

  html5-qrcode@2.3.8:
    resolution: {integrity: sha512-jsr4vafJhwoLVEDW3n1KvPnCCXWaQfRng0/EEYk1vNcQGcG/htAdhJX0be8YyqMoSz7+hZvOZSTAepsabiuhiQ==}

  ionicons@8.1.0:
    resolution: {integrity: sha512-XSM2gYWTXxSYTwjmKWAoy4yR7AbAFDjpc5ZIivAiGXskM0fe5CdMPfs6InQRUcrYtVb2WZ/0HQ1/jeh3JW78SA==}

  isarray@0.0.1:
    resolution: {integrity: sha512-D2S+3GLxWH+uhrNEcoh/fnmYeP8E8/zHl644d/jdA0g2uyXvy3sb0qxotE+ne0LtccHknQzWwZEzhak7oJ0COQ==}

  js-tokens@4.0.0:
    resolution: {integrity: sha512-RdJUflcE3cUzKiMqQgsCu06FPu9UdIJO0beYbPhHN4k6apgJtifcoCtT9bcxOpYBtpD2kCM6Sbzg4CausW/PKQ==}

  loose-envify@1.4.0:
    resolution: {integrity: sha512-lyuxPGr/Wfhrlem2CL/UcnUc1zcqKAImBDzukY7Y5F/yQiNdko6+fRLevlw1HgMySw7f611UIY408EtxRSoK3Q==}
    hasBin: true

  object-assign@4.1.1:
    resolution: {integrity: sha512-rJgTQnkUnH1sFw8yT6VSU3zD3sWmu6sZhIseY8VX+GRu3P6F7Fu+JNDoXfklElbLJSnc3FUQHVe4cU5hj+BcUg==}
    engines: {node: '>=0.10.0'}

  otpauth@9.5.1:
    resolution: {integrity: sha512-fJmDAHc8wImfqqqOXIlBvT1dEKrZK0Cmb2VEgScpNTolCz0PHh6ExUZGv4sLtOsWNaHCQlD+rRqaPgnoxFoZjQ==}

  path-to-regexp@1.9.0:
    resolution: {integrity: sha512-xIp7/apCFJuUHdDLWe8O1HIkb0kQrOMb/0u6FXQjemHn/ii5LrIzU6bdECnsiTF/GjZkMEKg1xdiZwNqDYlZ6g==}

  prop-types@15.8.1:
    resolution: {integrity: sha512-oj87CgZICdulUohogVAR7AjlC0327U4el4L6eAvOqCeudMDVU0NThNaV+b9Df4dXgSP1gXMTnPdhfe/2qDH5cg==}

  react-dom@19.2.8:
    resolution: {integrity: sha512-rVprimfGBG3DR+Tq0IQG2DT5PxKth1WIGDmj5yPmlzr4YBe7uyE+Du4oVqTDXZSHGGGXRtTJEGSSePyQCMBglQ==}
    peerDependencies:
      react: ^19.2.8

  react-is@16.13.1:
    resolution: {integrity: sha512-24e6ynE2H+OKt4kqsOvNd8kBpV65zoxbA4BVsEOB3ARVWQki/DHzaUoC5KuON/BiccDaCCTZBuOcfZs70kR8bQ==}

  react-router-dom@5.3.4:
    resolution: {integrity: sha512-m4EqFMHv/Ih4kpcBCONHbkT68KoAeHN4p3lAGoNryfHi0dMy0kCzEZakiKRsvg5wHZ/JLrLW8o8KomWiz/qbYQ==}
    peerDependencies:
      react: '>=15'

  react-router@5.3.4:
    resolution: {integrity: sha512-Ys9K+ppnJah3QuaRiLxk+jDWOR1MekYQrlytiXxC1RyfbdsZkS5pvKAzCCr031xHixZwpnsYNT5xysdFHQaYsA==}
    peerDependencies:
      react: '>=15'

  react@19.2.8:
    resolution: {integrity: sha512-PWaYA1L/q9u2u7xYQi+Y3L3Yfnie7XyLeaJICV1MGD6LprsBxcAqGjYyr0eY3p+QdsA+x/Irkt4Qif8D63+Sbw==}
    engines: {node: '>=0.10.0'}

  resolve-pathname@3.0.0:
    resolution: {integrity: sha512-C7rARubxI8bXFNB/hqcp/4iUeIXJhJZvFPFPiSPRnhU5UPxzMFIl+2E6yY6c4k9giDJAhtV+enfA+G89N6Csng==}

  scheduler@0.27.0:
    resolution: {integrity: sha512-eNv+WrVbKu1f3vbYJT/xtiF5syA5HPIMtf9IgY/nKg0sWqzAUEvqY/xm7OcZc/qafLx/iO9FgOmeSAp4v5ti/Q==}

  tiny-invariant@1.3.3:
    resolution: {integrity: sha512-+FbBPE1o9QAYvviau/qC5SE3caw21q3xkvWKBtja5vgqOWIHHJ3ioaq1VPfn/Szqctz2bU/oYeKd9/z5BL+PVg==}

  tiny-warning@1.0.3:
    resolution: {integrity: sha512-lBN9zLN/oAf68o3zNXYrdCt1kP8WsiGW8Oo2ka41b2IM5JL/S1CTyX1rW0mb/zSuJun0ZUrDxx4sqvYS2FWzPA==}

  tslib@2.8.1:
    resolution: {integrity: sha512-oJFu94HQb+KVduSUQL7wnpmqnfmLsOA/nAh6b6EH0wCEoK0/mPeXU6c3wKDV83MkOuHPRHtSXKKU99IBazS/2w==}

  value-equal@1.0.1:
    resolution: {integrity: sha512-NOJ6JZCAWr0zlxZt+xqCHNTEKOsrks2HQd4MqhP1qy4z1SkbEP467eNx6TgDKXMvUOb+OENfJCZwM+16n7fRfw==}

snapshots:

  '@babel/runtime@7.29.7': {}

  '@capacitor/barcode-scanner@3.1.0(@capacitor/core@8.5.0)':
    dependencies:
      '@capacitor/core': 8.5.0
      html5-qrcode: 2.3.8

  '@capacitor/camera@8.2.2(@capacitor/core@8.5.0)':
    dependencies:
      '@capacitor/core': 8.5.0

  '@capacitor/core@8.5.0':
    dependencies:
      tslib: 2.8.1

  '@ionic/core@8.8.18':
    dependencies:
      '@stencil/core': 4.43.5
      ionicons: 8.1.0
      tslib: 2.8.1

  '@ionic/react-router@8.8.18(react-dom@19.2.8(react@19.2.8))(react-router-dom@5.3.4(react@19.2.8))(react-router@5.3.4(react@19.2.8))(react@19.2.8)':
    dependencies:
      '@ionic/react': 8.8.18(react-dom@19.2.8(react@19.2.8))(react@19.2.8)
      react: 19.2.8
      react-dom: 19.2.8(react@19.2.8)
      react-router: 5.3.4(react@19.2.8)
      react-router-dom: 5.3.4(react@19.2.8)
      tslib: 2.8.1

  '@ionic/react@8.8.18(react-dom@19.2.8(react@19.2.8))(react@19.2.8)':
    dependencies:
      '@ionic/core': 8.8.18
      ionicons: 8.1.0
      react: 19.2.8
      react-dom: 19.2.8(react@19.2.8)
      tslib: 2.8.1

  '@noble/hashes@2.2.0': {}

  '@rollup/rollup-darwin-arm64@4.44.0':
    optional: true

  '@rollup/rollup-darwin-x64@4.44.0':
    optional: true

  '@rollup/rollup-linux-arm64-gnu@4.44.0':
    optional: true

  '@rollup/rollup-linux-arm64-musl@4.44.0':
    optional: true

  '@rollup/rollup-linux-x64-gnu@4.44.0':
    optional: true

  '@rollup/rollup-linux-x64-musl@4.44.0':
    optional: true

  '@rollup/rollup-win32-arm64-msvc@4.44.0':
    optional: true

  '@rollup/rollup-win32-x64-msvc@4.44.0':
    optional: true

  '@stencil/core@4.43.5':
    optionalDependencies:
      '@rollup/rollup-darwin-arm64': 4.44.0
      '@rollup/rollup-darwin-x64': 4.44.0
      '@rollup/rollup-linux-arm64-gnu': 4.44.0
      '@rollup/rollup-linux-arm64-musl': 4.44.0
      '@rollup/rollup-linux-x64-gnu': 4.44.0
      '@rollup/rollup-linux-x64-musl': 4.44.0
      '@rollup/rollup-win32-arm64-msvc': 4.44.0
      '@rollup/rollup-win32-x64-msvc': 4.44.0

  '@stencil/core@4.44.0':
    optionalDependencies:
      '@rollup/rollup-darwin-arm64': 4.44.0
      '@rollup/rollup-darwin-x64': 4.44.0
      '@rollup/rollup-linux-arm64-gnu': 4.44.0
      '@rollup/rollup-linux-arm64-musl': 4.44.0
      '@rollup/rollup-linux-x64-gnu': 4.44.0
      '@rollup/rollup-linux-x64-musl': 4.44.0
      '@rollup/rollup-win32-arm64-msvc': 4.44.0
      '@rollup/rollup-win32-x64-msvc': 4.44.0

  '@types/crypto-js@4.2.2': {}

  crypto-js@4.2.0: {}

  history@4.10.1:
    dependencies:
      '@babel/runtime': 7.29.7
      loose-envify: 1.4.0
      resolve-pathname: 3.0.0
      tiny-invariant: 1.3.3
      tiny-warning: 1.0.3
      value-equal: 1.0.1

  hoist-non-react-statics@3.3.2:
    dependencies:
      react-is: 16.13.1

  html5-qrcode@2.3.8: {}

  ionicons@8.1.0:
    dependencies:
      '@stencil/core': 4.44.0

  isarray@0.0.1: {}

  js-tokens@4.0.0: {}

  loose-envify@1.4.0:
    dependencies:
      js-tokens: 4.0.0

  object-assign@4.1.1: {}

  otpauth@9.5.1:
    dependencies:
      '@noble/hashes': 2.2.0

  path-to-regexp@1.9.0:
    dependencies:
      isarray: 0.0.1

  prop-types@15.8.1:
    dependencies:
      loose-envify: 1.4.0
      object-assign: 4.1.1
      react-is: 16.13.1

  react-dom@19.2.8(react@19.2.8):
    dependencies:
      react: 19.2.8
      scheduler: 0.27.0

  react-is@16.13.1: {}

  react-router-dom@5.3.4(react@19.2.8):
    dependencies:
      '@babel/runtime': 7.29.7
      history: 4.10.1
      loose-envify: 1.4.0
      prop-types: 15.8.1
      react: 19.2.8
      react-router: 5.3.4(react@19.2.8)
      tiny-invariant: 1.3.3
      tiny-warning: 1.0.3

  react-router@5.3.4(react@19.2.8):
    dependencies:
      '@babel/runtime': 7.29.7
      history: 4.10.1
      hoist-non-react-statics: 3.3.2
      loose-envify: 1.4.0
      path-to-regexp: 1.9.0
      prop-types: 15.8.1
      react: 19.2.8
      react-is: 16.13.1
      tiny-invariant: 1.3.3
      tiny-warning: 1.0.3

  react@19.2.8: {}

  resolve-pathname@3.0.0: {}

  scheduler@0.27.0: {}

  tiny-invariant@1.3.3: {}

  tiny-warning@1.0.3: {}

  tslib@2.8.1: {}

  value-equal@1.0.1: {}
